
Microsoft Visual Studio Solution File, Format Version 12.00
Project("{FAE04EC0-301F-11D3-BF4B-00C04F79EFBC}") = "Task1", "Task1\Task1.csproj", "{545D0948-4AF4-4EF7-BE24-7B211CE40C69}"
EndProject
Project("{FAE04EC0-301F-11D3-BF4B-00C04F79EFBC}") = "Task2", "Task2\Task2.csproj", "{833958EC-76A6-484C-8A64-8416689F7032}"
EndProject
Project("{FAE04EC0-301F-11D3-BF4B-00C04F79EFBC}") = "Task3", "Task3\Task3.csproj", "{62738600-129F-43CC-9DD3-36CF16E48B10}"
EndProject
Project("{FAE04EC0-301F-11D3-BF4B-00C04F79EFBC}") = "Task4", "Task4\Task4.csproj", "{2826D150-5940-4C5E-933E-8C151F55B8DA}"
EndProject
Project("{FAE04EC0-301F-11D3-BF4B-00C04F79EFBC}") = "Task5", "Task5\Task5.csproj", "{B8F6CD85-9818-4366-A03D-08048CEB8530}"
EndProject
Project("{FAE04EC0-301F-11D3-BF4B-00C04F79EFBC}") = "Task6", "Task6\Task6.csproj", "{05BF9687-3478-4567-BB97-CDEA0E1512D5}"
EndProject
Project("{FAE04EC0-301F-11D3-BF4B-00C04F79EFBC}") = "Task7", "Task7\Task7.csproj", "{82820934-09EC-4833-BAB1-2209A46849A2}"
EndProject
Project("{FAE04EC0-301F-11D3-BF4B-00C04F79EFBC}") = "Task8", "Task8\Task8.csproj", "{124DA2A3-CB44-4025-9DB5-798CB342CFDE}"
EndProject
Project("{FAE04EC0-301F-11D3-BF4B-00C04F79EFBC}") = "Task9", "Task9\Task9.csproj", "{407BAAE9-72BF-43B2-864C-5F5C369661FE}"
EndProject
Project("{FAE04EC0-301F-11D3-BF4B-00C04F79EFBC}") = "Task10", "Task10\Task10.csproj", "{D086AC12-DEA7-4EE2-B838-9821D7CD3A15}"
EndProject
Project("{FAE04EC0-301F-11D3-BF4B-00C04F79EFBC}") = "Task11", "Task11\Task11.csproj", "{2C89887A-1122-4962-88EA-C5D66EF6DC0A}"
EndProject
Global
	GlobalSection(SolutionConfigurationPlatforms) = preSolution
		Debug|Any CPU = Debug|Any CPU
		Release|Any CPU = Release|Any CPU
	EndGlobalSection
	GlobalSection(ProjectConfigurationPlatforms) = postSolution
		{545D0948-4AF4-4EF7-BE24-7B211CE40C69}.Debug|Any CPU.ActiveCfg = Debug|Any CPU
		{545D0948-4AF4-4EF7-BE24-7B211CE40C69}.Debug|Any CPU.Build.0 = Debug|Any CPU
		{545D0948-4AF4-4EF7-BE24-7B211CE40C69}.Release|Any CPU.ActiveCfg = Release|Any CPU
		{545D0948-4AF4-4EF7-BE24-7B211CE40C69}.Release|Any CPU.Build.0 = Release|Any CPU
		{833958EC-76A6-484C-8A64-8416689F7032}.Debug|Any CPU.ActiveCfg = Debug|Any CPU
		{833958EC-76A6-484C-8A64-8416689F7032}.Debug|Any CPU.Build.0 = Debug|Any CPU
		{833958EC-76A6-484C-8A64-8416689F7032}.Release|Any CPU.ActiveCfg = Release|Any CPU
		{833958EC-76A6-484C-8A64-8416689F7032}.Release|Any CPU.Build.0 = Release|Any CPU
		{62738600-129F-43CC-9DD3-36CF16E48B10}.Debug|Any CPU.ActiveCfg = Debug|Any CPU
		{62738600-129F-43CC-9DD3-36CF16E48B10}.Debug|Any CPU.Build.0 = Debug|Any CPU
		{62738600-129F-43CC-9DD3-36CF16E48B10}.Release|Any CPU.ActiveCfg = Release|Any CPU
		{62738600-129F-43CC-9DD3-36CF16E48B10}.Release|Any CPU.Build.0 = Release|Any CPU
		{2826D150-5940-4C5E-933E-8C151F55B8DA}.Debug|Any CPU.ActiveCfg = Debug|Any CPU
		{2826D150-5940-4C5E-933E-8C151F55B8DA}.Debug|Any CPU.Build.0 = Debug|Any CPU
		{2826D150-5940-4C5E-933E-8C151F55B8DA}.Release|Any CPU.ActiveCfg = Release|Any CPU
		{2826D150-5940-4C5E-933E-8C151F55B8DA}.Release|Any CPU.Build.0 = Release|Any CPU
		{B8F6CD85-9818-4366-A03D-08048CEB8530}.Debug|Any CPU.ActiveCfg = Debug|Any CPU
		{B8F6CD85-9818-4366-A03D-08048CEB8530}.Debug|Any CPU.Build.0 = Debug|Any CPU
		{B8F6CD85-9818-4366-A03D-08048CEB8530}.Release|Any CPU.ActiveCfg = Release|Any CPU
		{B8F6CD85-9818-4366-A03D-08048CEB8530}.Release|Any CPU.Build.0 = Release|Any CPU
		{05BF9687-3478-4567-BB97-CDEA0E1512D5}.Debug|Any CPU.ActiveCfg = Debug|Any CPU
		{05BF9687-3478-4567-BB97-CDEA0E1512D5}.Debug|Any CPU.Build.0 = Debug|Any CPU
		{05BF9687-3478-4567-BB97-CDEA0E1512D5}.Release|Any CPU.ActiveCfg = Release|Any CPU
		{05BF9687-3478-4567-BB97-CDEA0E1512D5}.Release|Any CPU.Build.0 = Release|Any CPU
		{82820934-09EC-4833-BAB1-2209A46849A2}.Debug|Any CPU.ActiveCfg = Debug|Any CPU
		{82820934-09EC-4833-BAB1-2209A46849A2}.Debug|Any CPU.Build.0 = Debug|Any CPU
		{82820934-09EC-4833-BAB1-2209A46849A2}.Release|Any CPU.ActiveCfg = Release|Any CPU
		{82820934-09EC-4833-BAB1-2209A46849A2}.Release|Any CPU.Build.0 = Release|Any CPU
		{124DA2A3-CB44-4025-9DB5-798CB342CFDE}.Debug|Any CPU.ActiveCfg = Debug|Any CPU
		{124DA2A3-CB44-4025-9DB5-798CB342CFDE}.Debug|Any CPU.Build.0 = Debug|Any CPU
		{124DA2A3-CB44-4025-9DB5-798CB342CFDE}.Release|Any CPU.ActiveCfg = Release|Any CPU
		{124DA2A3-CB44-4025-9DB5-798CB342CFDE}.Release|Any CPU.Build.0 = Release|Any CPU
		{407BAAE9-72BF-43B2-864C-5F5C369661FE}.Debug|Any CPU.ActiveCfg = Debug|Any CPU
		{407BAAE9-72BF-43B2-864C-5F5C369661FE}.Debug|Any CPU.Build.0 = Debug|Any CPU
		{407BAAE9-72BF-43B2-864C-5F5C369661FE}.Release|Any CPU.ActiveCfg = Release|Any CPU
		{407BAAE9-72BF-43B2-864C-5F5C369661FE}.Release|Any CPU.Build.0 = Release|Any CPU
		{D086AC12-DEA7-4EE2-B838-9821D7CD3A15}.Debug|Any CPU.ActiveCfg = Debug|Any CPU
		{D086AC12-DEA7-4EE2-B838-9821D7CD3A15}.Debug|Any CPU.Build.0 = Debug|Any CPU
		{D086AC12-DEA7-4EE2-B838-9821D7CD3A15}.Release|Any CPU.ActiveCfg = Release|Any CPU
		{D086AC12-DEA7-4EE2-B838-9821D7CD3A15}.Release|Any CPU.Build.0 = Release|Any CPU
		{2C89887A-1122-4962-88EA-C5D66EF6DC0A}.Debug|Any CPU.ActiveCfg = Debug|Any CPU
		{2C89887A-1122-4962-88EA-C5D66EF6DC0A}.Debug|Any CPU.Build.0 = Debug|Any CPU
		{2C89887A-1122-4962-88EA-C5D66EF6DC0A}.Release|Any CPU.ActiveCfg = Release|Any CPU
		{2C89887A-1122-4962-88EA-C5D66EF6DC0A}.Release|Any CPU.Build.0 = Release|Any CPU
	EndGlobalSection
EndGlobal
